
Microsoft Visual Studio Solution File, Format Version 12.00
# Visual Studio Version 16
VisualStudioVersion = 16.0.30523.141
MinimumVisualStudioVersion = 10.0.40219.1
Project("{FAE04EC0-301F-11D3-BF4B-00C04F79EFBC}") = "DotNETMVCProject", "DotNETMVCProject.csproj", "{17F6D3A6-F6A6-48FC-9E96-69A00D496E0B}"
EndProject
Global
	GlobalSection(SolutionConfigurationPlatforms) = preSolution
		Debug|Any CPU = Debug|Any CPU
		Release|Any CPU = Release|Any CPU
	EndGlobalSection
	GlobalSection(ProjectConfigurationPlatforms) = postSolution
		{17F6D3A6-F6A6-48FC-9E96-69A00D496E0B}.Debug|Any CPU.ActiveCfg = Debug|Any CPU
		{17F6D3A6-F6A6-48FC-9E96-69A00D496E0B}.Debug|Any CPU.Build.0 = Debug|Any CPU
		{17F6D3A6-F6A6-48FC-9E96-69A00D496E0B}.Release|Any CPU.ActiveCfg = Release|Any CPU
		{17F6D3A6-F6A6-48FC-9E96-69A00D496E0B}.Release|Any CPU.Build.0 = Release|Any CPU
	EndGlobalSection
	GlobalSection(SolutionProperties) = preSolution
		HideSolutionNode = FALSE
	EndGlobalSection
	GlobalSection(ExtensibilityGlobals) = postSolution
		SolutionGuid = {D24E7232-7FBF-4FF6-BB30-21BE0977F63C}
	EndGlobalSection
EndGlobal
